// !$*UTF8*$!
{
	archiveVersion = 1;
	classes = {
	};
	objectVersion = 50;
	objects = {

/* Begin PBXBuildFile section */
		C80936A723CCC6AD003CBBB4 /* AppDelegate.swift in Sources */ = {isa = PBXBuildFile; fileRef = C80936A623CCC6AD003CBBB4 /* AppDelegate.swift */; };
		C80936A923CCC6AD003CBBB4 /* ViewController.swift in Sources */ = {isa = PBXBuildFile; fileRef = C80936A823CCC6AD003CBBB4 /* ViewController.swift */; };
		C80936AC23CCC6AD003CBBB4 /* Main.storyboard in Resources */ = {isa = PBXBuildFile; fileRef = C80936AA23CCC6AD003CBBB4 /* Main.storyboard */; };
		C80936AE23CCC6AF003CBBB4 /* Assets.xcassets in Resources */ = {isa = PBXBuildFile; fileRef = C80936AD23CCC6AF003CBBB4 /* Assets.xcassets */; };
		C80936B123CCC6AF003CBBB4 /* LaunchScreen.storyboard in Resources */ = {isa = PBXBuildFile; fileRef = C80936AF23CCC6AF003CBBB4 /* LaunchScreen.storyboard */; };
		C80936BC23CCC6AF003CBBB4 /* preworkTests.swift in Sources */ = {isa = PBXBuildFile; fileRef = C80936BB23CCC6AF003CBBB4 /* preworkTests.swift */; };
		C80936C723CCC6AF003CBBB4 /* preworkUITests.swift in Sources */ = {isa = PBXBuildFile; fileRef = C80936C623CCC6AF003CBBB4 /* preworkUITests.swift */; };
/* End PBXBuildFile section */

/* Begin PBXContainerItemProxy section */
		C80936B823CCC6AF003CBBB4 /* PBXContainerItemProxy */ = {
			isa = PBXContainerItemProxy;
			containerPortal = C809369B23CCC6AD003CBBB4 /* Project object */;
			proxyType = 1;
			remoteGlobalIDString = C80936A223CCC6AD003CBBB4;
			remoteInfo = prework;
		};
		C80936C323CCC6AF003CBBB4 /* PBXContainerItemProxy */ = {
			isa = PBXContainerItemProxy;
			containerPortal = C809369B23CCC6AD003CBBB4 /* Project object */;
			proxyType = 1;
			remoteGlobalIDString = C80936A223CCC6AD003CBBB4;
			remoteInfo = prework;
		};
/* End PBXContainerItemProxy section */

/* Begin PBXFileReference section */
		C80936A323CCC6AD003CBBB4 /* prework.app */ = {isa = PBXFileReference; explicitFileType = wrapper.application; includeInIndex = 0; path = prework.app; sourceTree = BUILT_PRODUCTS_DIR; };
		C80936A623CCC6AD003CBBB4 /* AppDelegate.swift */ = {isa = PBXFileReference; lastKnownFileType = sourcecode.swift; path = AppDelegate.swift; sourceTree = "<group>"; };
		C80936A823CCC6AD003CBBB4 /* ViewController.swift */ = {isa = PBXFileReference; lastKnownFileType = sourcecode.swift; path = ViewController.swift; sourceTree = "<group>"; };
		C80936AB23CCC6AD003CBBB4 /* Base */ = {isa = PBXFileReference; lastKnownFileType = file.storyboard; name = Base; path = Base.lproj/Main.storyboard; sourceTree = "<group>"; };
		C80936AD23CCC6AF003CBBB4 /* Assets.xcassets */ = {isa = PBXFileReference; lastKnownFileType = folder.assetcatalog; path = Assets.xcassets; sourceTree = "<group>"; };
		C80936B023CCC6AF003CBBB4 /* Base */ = {isa = PBXFileReference; lastKnownFileType = file.storyboard; name = Base; path = Base.lproj/LaunchScreen.storyboard; sourceTree = "<group>"; };
		C80936B223CCC6AF003CBBB4 /* Info.plist */ = {isa = PBXFileReference; lastKnownFileType = text.plist.xml; path = Info.plist; sourceTree = "<group>"; };
		C80936B723CCC6AF003CBBB4 /* preworkTests.xctest */ = {isa = PBXFileReference; explicitFileType = wrapper.cfbundle; includeInIndex = 0; path = preworkTests.xctest; sourceTree = BUILT_PRODUCTS_DIR; };
		C80936BB23CCC6AF003CBBB4 /* preworkTests.swift */ = {isa = PBXFileReference; lastKnownFileType = sourcecode.swift; path = preworkTests.swift; sourceTree = "<group>"; };
		C80936BD23CCC6AF003CBBB4 /* Info.plist */ = {isa = PBXFileReference; lastKnownFileType = text.plist.xml; path = Info.plist; sourceTree = "<group>"; };
		C80936C223CCC6AF003CBBB4 /* preworkUITests.xctest */ = {isa = PBXFileReference; explicitFileType = wrapper.cfbundle; includeInIndex = 0; path = preworkUITests.xctest; sourceTree = BUILT_PRODUCTS_DIR; };
		C80936C623CCC6AF003CBBB4 /* preworkUITests.swift */ = {isa = PBXFileReference; lastKnownFileType = sourcecode.swift; path = preworkUITests.swift; sourceTree = "<group>"; };
		C80936C823CCC6AF003CBBB4 /* Info.plist */ = {isa = PBXFileReference; lastKnownFileType = text.plist.xml; path = Info.plist; sourceTree = "<group>"; };
/* End PBXFileReference section */

/* Begin PBXFrameworksBuildPhase section */
		C80936A023CCC6AD003CBBB4 /* Frameworks */ = {
			isa = PBXFrameworksBuildPhase;
			buildActionMask = 2147483647;
			files = (
			);
			runOnlyForDeploymentPostprocessing = 0;
		};
		C80936B423CCC6AF003CBBB4 /* Frameworks */ = {
			isa = PBXFrameworksBuildPhase;
			buildActionMask = 2147483647;
			files = (
			);
			runOnlyForDeploymentPostprocessing = 0;
		};
		C80936BF23CCC6AF003CBBB4 /* Frameworks */ = {
			isa = PBXFrameworksBuildPhase;
			buildActionMask = 2147483647;
			files = (
			);
			runOnlyForDeploymentPostprocessing = 0;
		};
/* End PBXFrameworksBuildPhase section */

/* Begin PBXGroup section */
		C809369A23CCC6AD003CBBB4 = {
			isa = PBXGroup;
			children = (
				C80936A523CCC6AD003CBBB4 /* prework */,
				C80936BA23CCC6AF003CBBB4 /* preworkTests */,
				C80936C523CCC6AF003CBBB4 /* preworkUITests */,
				C80936A423CCC6AD003CBBB4 /* Products */,
			);
			sourceTree = "<group>";
		};
		C80936A423CCC6AD003CBBB4 /* Products */ = {
			isa = PBXGroup;
			children = (
				C80936A323CCC6AD003CBBB4 /* prework.app */,
				C80936B723CCC6AF003CBBB4 /* preworkTests.xctest */,
				C80936C223CCC6AF003CBBB4 /* preworkUITests.xctest */,
			);
			name = Products;
			sourceTree = "<group>";
		};
		C80936A523CCC6AD003CBBB4 /* prework */ = {
			isa = PBXGroup;
			children = (
				C80936A623CCC6AD003CBBB4 /* AppDelegate.swift */,
				C80936A823CCC6AD003CBBB4 /* ViewController.swift */,
				C80936AA23CCC6AD003CBBB4 /* Main.storyboard */,
				C80936AD23CCC6AF003CBBB4 /* Assets.xcassets */,
				C80936AF23CCC6AF003CBBB4 /* LaunchScreen.storyboard */,
				C80936B223CCC6AF003CBBB4 /* Info.plist */,
			);
			path = prework;
			sourceTree = "<group>";
		};
		C80936BA23CCC6AF003CBBB4 /* preworkTests */ = {
			isa = PBXGroup;
			children = (
				C80936BB23CCC6AF003CBBB4 /* preworkTests.swift */,
				C80936BD23CCC6AF003CBBB4 /* Info.plist */,
			);
			path = preworkTests;
			sourceTree = "<group>";
		};
		C80936C523CCC6AF003CBBB4 /* preworkUITests */ = {
			isa = PBXGroup;
			children = (
				C80936C623CCC6AF003CBBB4 /* preworkUITests.swift */,
				C80936C823CCC6AF003CBBB4 /* Info.plist */,
			);
			path = preworkUITests;
			sourceTree = "<group>";
		};
/* End PBXGroup section */

/* Begin PBXNativeTarget section */
		C80936A223CCC6AD003CBBB4 /* prework */ = {
			isa = PBXNativeTarget;
			buildConfigurationList = C80936CB23CCC6AF003CBBB4 /* Build configuration list for PBXNativeTarget "prework" */;
			buildPhases = (
				C809369F23CCC6AD003CBBB4 /* Sources */,
				C80936A023CCC6AD003CBBB4 /* Frameworks */,
				C80936A123CCC6AD003CBBB4 /* Resources */,
			);
			buildRules = (
			);
			dependencies = (
			);
			name = prework;
			productName = prework;
			productReference = C80936A323CCC6AD003CBBB4 /* prework.app */;
			productType = "com.apple.product-type.application";
		};
		C80936B623CCC6AF003CBBB4 /* preworkTests */ = {
			isa = PBXNativeTarget;
			buildConfigurationList = C80936CE23CCC6AF003CBBB4 /* Build configuration list for PBXNativeTarget "preworkTests" */;
			buildPhases = (
				C80936B323CCC6AF003CBBB4 /* Sources */,
				C80936B423CCC6AF003CBBB4 /* Frameworks */,
				C80936B523CCC6AF003CBBB4 /* Resources */,
			);
			buildRules = (
			);
			dependencies = (
				C80936B923CCC6AF003CBBB4 /* PBXTargetDependency */,
			);
			name = preworkTests;
			productName = preworkTests;
			productReference = C80936B723CCC6AF003CBBB4 /* preworkTests.xctest */;
			productType = "com.apple.product-type.bundle.unit-test";
		};
		C80936C123CCC6AF003CBBB4 /* preworkUITests */ = {
			isa = PBXNativeTarget;
			buildConfigurationList = C80936D123CCC6AF003CBBB4 /* Build configuration list for PBXNativeTarget "preworkUITests" */;
			buildPhases = (
				C80936BE23CCC6AF003CBBB4 /* Sources */,
				C80936BF23CCC6AF003CBBB4 /* Frameworks */,
				C80936C023CCC6AF003CBBB4 /* Resources */,
			);
			buildRules = (
			);
			dependencies = (
				C80936C423CCC6AF003CBBB4 /* PBXTargetDependency */,
			);
			name = preworkUITests;
			productName = preworkUITests;
			productReference = C80936C223CCC6AF003CBBB4 /* preworkUITests.xctest */;
			productType = "com.apple.product-type.bundle.ui-testing";
		};
/* End PBXNativeTarget section */

/* Begin PBXProject section */
		C809369B23CCC6AD003CBBB4 /* Project object */ = {
			isa = PBXProject;
			attributes = {
				LastSwiftUpdateCheck = 1010;
				LastUpgradeCheck = 1010;
				ORGANIZATIONNAME = "Zoe Offermann";
				TargetAttributes = {
					C80936A223CCC6AD003CBBB4 = {
						CreatedOnToolsVersion = 10.1;
					};
					C80936B623CCC6AF003CBBB4 = {
						CreatedOnToolsVersion = 10.1;
						TestTargetID = C80936A223CCC6AD003CBBB4;
					};
					C80936C123CCC6AF003CBBB4 = {
						CreatedOnToolsVersion = 10.1;
						TestTargetID = C80936A223CCC6AD003CBBB4;
					};
				};
			};
			buildConfigurationList = C809369E23CCC6AD003CBBB4 /* Build configuration list for PBXProject "prework" */;
			compatibilityVersion = "Xcode 9.3";
			developmentRegion = en;
			hasScannedForEncodings = 0;
			knownRegions = (
				en,
				Base,
			);
			mainGroup = C809369A23CCC6AD003CBBB4;
			productRefGroup = C80936A423CCC6AD003CBBB4 /* Products */;
			projectDirPath = "";
			projectRoot = "";
			targets = (
				C80936A223CCC6AD003CBBB4 /* prework */,
				C80936B623CCC6AF003CBBB4 /* preworkTests */,
				C80936C123CCC6AF003CBBB4 /* preworkUITests */,
			);
		};
/* End PBXProject section */

/* Begin PBXResourcesBuildPhase section */
		C80936A123CCC6AD003CBBB4 /* Resources */ = {
			isa = PBXResourcesBuildPhase;
			buildActionMask = 2147483647;
			files = (
				C80936B123CCC6AF003CBBB4 /* LaunchScreen.storyboard in Resources */,
				C80936AE23CCC6AF003CBBB4 /* Assets.xcassets in Resources */,
				C80936AC23CCC6AD003CBBB4 /* Main.storyboard in Resources */,
			);
			runOnlyForDeploymentPostprocessing = 0;
		};
		C80936B523CCC6AF003CBBB4 /* Resources */ = {
			isa = PBXResourcesBuildPhase;
			buildActionMask = 2147483647;
			files = (
			);
			runOnlyForDeploymentPostprocessing = 0;
		};
		C80936C023CCC6AF003CBBB4 /* Resources */ = {
			isa = PBXResourcesBuildPhase;
			buildActionMask = 2147483647;
			files = (
			);
			runOnlyForDeploymentPostprocessing = 0;
		};
/* End PBXResourcesBuildPhase section */

/* Begin PBXSourcesBuildPhase section */
		C809369F23CCC6AD003CBBB4 /* Sources */ = {
			isa = PBXSourcesBuildPhase;
			buildActionMask = 2147483647;
			files = (
				C80936A923CCC6AD003CBBB4 /* ViewController.swift in Sources */,
				C80936A723CCC6AD003CBBB4 /* AppDelegate.swift in Sources */,
			);
			runOnlyForDeploymentPostprocessing = 0;
		};
		C80936B323CCC6AF003CBBB4 /* Sources */ = {
			isa = PBXSourcesBuildPhase;
			buildActionMask = 2147483647;
			files = (
				C80936BC23CCC6AF003CBBB4 /* preworkTests.swift in Sources */,
			);
			runOnlyForDeploymentPostprocessing = 0;
		};
		C80936BE23CCC6AF003CBBB4 /* Sources */ = {
			isa = PBXSourcesBuildPhase;
			buildActionMask = 2147483647;
			files = (
				C80936C723CCC6AF003CBBB4 /* preworkUITests.swift in Sources */,
			);
			runOnlyForDeploymentPostprocessing = 0;
		};
/* End PBXSourcesBuildPhase section */

/* Begin PBXTargetDependency section */
		C80936B923CCC6AF003CBBB4 /* PBXTargetDependency */ = {
			isa = PBXTargetDependency;
			target = C80936A223CCC6AD003CBBB4 /* prework */;
			targetProxy = C80936B823CCC6AF003CBBB4 /* PBXContainerItemProxy */;
		};
		C80936C423CCC6AF003CBBB4 /* PBXTargetDependency */ = {
			isa = PBXTargetDependency;
			target = C80936A223CCC6AD003CBBB4 /* prework */;
			targetProxy = C80936C323CCC6AF003CBBB4 /* PBXContainerItemProxy */;
		};
/* End PBXTargetDependency section */

/* Begin PBXVariantGroup section */
		C80936AA23CCC6AD003CBBB4 /* Main.storyboard */ = {
			isa = PBXVariantGroup;
			children = (
				C80936AB23CCC6AD003CBBB4 /* Base */,
			);
			name = Main.storyboard;
			sourceTree = "<group>";
		};
		C80936AF23CCC6AF003CBBB4 /* LaunchScreen.storyboard */ = {
			isa = PBXVariantGroup;
			children = (
				C80936B023CCC6AF003CBBB4 /* Base */,
			);
			name = LaunchScreen.storyboard;
			sourceTree = "<group>";
		};
/* End PBXVariantGroup section */

/* Begin XCBuildConfiguration section */
		C80936C923CCC6AF003CBBB4 /* Debug */ = {
			isa = XCBuildConfiguration;
			buildSettings = {
				ALWAYS_SEARCH_USER_PATHS = NO;
				CLANG_ANALYZER_NONNULL = YES;
				CLANG_ANALYZER_NUMBER_OBJECT_CONVERSION = YES_AGGRESSIVE;
				CLANG_CXX_LANGUAGE_STANDARD = "gnu++14";
				CLANG_CXX_LIBRARY = "libc++";
				CLANG_ENABLE_MODULES = YES;
				CLANG_ENABLE_OBJC_ARC = YES;
				CLANG_ENABLE_OBJC_WEAK = YES;
				CLANG_WARN_BLOCK_CAPTURE_AUTORELEASING = YES;
				CLANG_WARN_BOOL_CONVERSION = YES;
				CLANG_WARN_COMMA = YES;
				CLANG_WARN_CONSTANT_CONVERSION = YES;
				CLANG_WARN_DEPRECATED_OBJC_IMPLEMENTATIONS = YES;
				CLANG_WARN_DIRECT_OBJC_ISA_USAGE = YES_ERROR;
				CLANG_WARN_DOCUMENTATION_COMMENTS = YES;
				CLANG_WARN_EMPTY_BODY = YES;
				CLANG_WARN_ENUM_CONVERSION = YES;
				CLANG_WARN_INFINITE_RECURSION = YES;
				CLANG_WARN_INT_CONVERSION = YES;
				CLANG_WARN_NON_LITERAL_NULL_CONVERSION = YES;
				CLANG_WARN_OBJC_IMPLICIT_RETAIN_SELF = YES;
				CLANG_WARN_OBJC_LITERAL_CONVERSION = YES;
				CLANG_WARN_OBJC_ROOT_CLASS = YES_ERROR;
				CLANG_WARN_RANGE_LOOP_ANALYSIS = YES;
				CLANG_WARN_STRICT_PROTOTYPES = YES;
				CLANG_WARN_SUSPICIOUS_MOVE = YES;
				CLANG_WARN_UNGUARDED_AVAILABILITY = YES_AGGRESSIVE;
				CLANG_WARN_UNREACHABLE_CODE = YES;
				CLANG_WARN__DUPLICATE_METHOD_MATCH = YES;
				CODE_SIGN_IDENTITY = "iPhone Developer";
				COPY_PHASE_STRIP = NO;
				DEBUG_INFORMATION_FORMAT = dwarf;
				ENABLE_STRICT_OBJC_MSGSEND = YES;
				ENABLE_TESTABILITY = YES;
				GCC_C_LANGUAGE_STANDARD = gnu11;
				GCC_DYNAMIC_NO_PIC = NO;
				GCC_NO_COMMON_BLOCKS = YES;
				GCC_OPTIMIZATION_LEVEL = 0;
				GCC_PREPROCESSOR_DEFINITIONS = (
					"DEBUG=1",
					"$(inherited)",
				);
				GCC_WARN_64_TO_32_BIT_CONVERSION = YES;
				GCC_WARN_ABOUT_RETURN_TYPE = YES_ERROR;
				GCC_WARN_UNDECLARED_SELECTOR = YES;
				GCC_WARN_UNINITIALIZED_AUTOS = YES_AGGRESSIVE;
				GCC_WARN_UNUSED_FUNCTION = YES;
				GCC_WARN_UNUSED_VARIABLE = YES;
				IPHONEOS_DEPLOYMENT_TARGET = 12.1;
				MTL_ENABLE_DEBUG_INFO = INCLUDE_SOURCE;
				MTL_FAST_MATH = YES;
				ONLY_ACTIVE_ARCH = YES;
				SDKROOT = iphoneos;
				SWIFT_ACTIVE_COMPILATION_CONDITIONS = DEBUG;
				SWIFT_OPTIMIZATION_LEVEL = "-Onone";
			};
			name = Debug;
		};
		C80936CA23CCC6AF003CBBB4 /* Release */ = {
			isa = XCBuildConfiguration;
			buildSettings = {
				ALWAYS_SEARCH_USER_PATHS = NO;
				CLANG_ANALYZER_NONNULL = YES;
				CLANG_ANALYZER_NUMBER_OBJECT_CONVERSION = YES_AGGRESSIVE;
				CLANG_CXX_LANGUAGE_STANDARD = "gnu++14";
				CLANG_CXX_LIBRARY = "libc++";
				CLANG_ENABLE_MODULES = YES;
				CLANG_ENABLE_OBJC_ARC = YES;
				CLANG_ENABLE_OBJC_WEAK = YES;
				CLANG_WARN_BLOCK_CAPTURE_AUTORELEASING = YES;
				CLANG_WARN_BOOL_CONVERSION = YES;
				CLANG_WARN_COMMA = YES;
				CLANG_WARN_CONSTANT_CONVERSION = YES;
				CLANG_WARN_DEPRECATED_OBJC_IMPLEMENTATIONS = YES;
				CLANG_WARN_DIRECT_OBJC_ISA_USAGE = YES_ERROR;
				CLANG_WARN_DOCUMENTATION_COMMENTS = YES;
				CLANG_WARN_EMPTY_BODY = YES;
				CLANG_WARN_ENUM_CONVERSION = YES;
				CLANG_WARN_INFINITE_RECURSION = YES;
				CLANG_WARN_INT_CONVERSION = YES;
				CLANG_WARN_NON_LITERAL_NULL_CONVERSION = YES;
				CLANG_WARN_OBJC_IMPLICIT_RETAIN_SELF = YES;
				CLANG_WARN_OBJC_LITERAL_CONVERSION = YES;
				CLANG_WARN_OBJC_ROOT_CLASS = YES_ERROR;
				CLANG_WARN_RANGE_LOOP_ANALYSIS = YES;
				CLANG_WARN_STRICT_PROTOTYPES = YES;
				CLANG_WARN_SUSPICIOUS_MOVE = YES;
				CLANG_WARN_UNGUARDED_AVAILABILITY = YES_AGGRESSIVE;
				CLANG_WARN_UNREACHABLE_CODE = YES;
				CLANG_WARN__DUPLICATE_METHOD_MATCH = YES;
				CODE_SIGN_IDENTITY = "iPhone Developer";
				COPY_PHASE_STRIP = NO;
				DEBUG_INFORMATION_FORMAT = "dwarf-with-dsym";
				ENABLE_NS_ASSERTIONS = NO;
				ENABLE_STRICT_OBJC_MSGSEND = YES;
				GCC_C_LANGUAGE_STANDARD = gnu11;
				GCC_NO_COMMON_BLOCKS = YES;
				GCC_WARN_64_TO_32_BIT_CONVERSION = YES;
				GCC_WARN_ABOUT_RETURN_TYPE = YES_ERROR;
				GCC_WARN_UNDECLARED_SELECTOR = YES;
				GCC_WARN_UNINITIALIZED_AUTOS = YES_AGGRESSIVE;
				GCC_WARN_UNUSED_FUNCTION = YES;
				GCC_WARN_UNUSED_VARIABLE = YES;
				IPHONEOS_DEPLOYMENT_TARGET = 12.1;
				MTL_ENABLE_DEBUG_INFO = NO;
				MTL_FAST_MATH = YES;
				SDKROOT = iphoneos;
				SWIFT_COMPILATION_MODE = wholemodule;
				SWIFT_OPTIMIZATION_LEVEL = "-O";
				VALIDATE_PRODUCT = YES;
			};
			name = Release;
		};
		C80936CC23CCC6AF003CBBB4 /* Debug */ = {
			isa = XCBuildConfiguration;
			buildSettings = {
				ASSETCATALOG_COMPILER_APPICON_NAME = AppIcon;
				CODE_SIGN_STYLE = Automatic;
				INFOPLIST_FILE = prework/Info.plist;
				LD_RUNPATH_SEARCH_PATHS = (
					"$(inherited)",
					"@executable_path/Frameworks",
				);
				PRODUCT_BUNDLE_IDENTIFIER = com.zoffermann.prework;
				PRODUCT_NAME = "$(TARGET_NAME)";
				SWIFT_VERSION = 4.2;
				TARGETED_DEVICE_FAMILY = "1,2";
			};
			name = Debug;
		};
		C80936CD23CCC6AF003CBBB4 /* Release */ = {
			isa = XCBuildConfiguration;
			buildSettings = {
				ASSETCATALOG_COMPILER_APPICON_NAME = AppIcon;
				CODE_SIGN_STYLE = Automatic;
				INFOPLIST_FILE = prework/Info.plist;
				LD_RUNPATH_SEARCH_PATHS = (
					"$(inherited)",
					"@executable_path/Frameworks",
				);
				PRODUCT_BUNDLE_IDENTIFIER = com.zoffermann.prework;
				PRODUCT_NAME = "$(TARGET_NAME)";
				SWIFT_VERSION = 4.2;
				TARGETED_DEVICE_FAMILY = "1,2";
			};
			name = Release;
		};
		C80936CF23CCC6AF003CBBB4 /* Debug */ = {
			isa = XCBuildConfiguration;
			buildSettings = {
				ALWAYS_EMBED_SWIFT_STANDARD_LIBRARIES = YES;
				BUNDLE_LOADER = "$(TEST_HOST)";
				CODE_SIGN_STYLE = Automatic;
				INFOPLIST_FILE = preworkTests/Info.plist;
				LD_RUNPATH_SEARCH_PATHS = (
					"$(inherited)",
					"@executable_path/Frameworks",
					"@loader_path/Frameworks",
				);
				PRODUCT_BUNDLE_IDENTIFIER = com.zoffermann.preworkTests;
				PRODUCT_NAME = "$(TARGET_NAME)";
				SWIFT_VERSION = 4.2;
				TARGETED_DEVICE_FAMILY = "1,2";
				TEST_HOST = "$(BUILT_PRODUCTS_DIR)/prework.app/prework";
			};
			name = Debug;
		};
		C80936D023CCC6AF003CBBB4 /* Release */ = {
			isa = XCBuildConfiguration;
			buildSettings = {
				ALWAYS_EMBED_SWIFT_STANDARD_LIBRARIES = YES;
				BUNDLE_LOADER = "$(TEST_HOST)";
				CODE_SIGN_STYLE = Automatic;
				INFOPLIST_FILE = preworkTests/Info.plist;
				LD_RUNPATH_SEARCH_PATHS = (
					"$(inherited)",
					"@executable_path/Frameworks",
					"@loader_path/Frameworks",
				);
				PRODUCT_BUNDLE_IDENTIFIER = com.zoffermann.preworkTests;
				PRODUCT_NAME = "$(TARGET_NAME)";
				SWIFT_VERSION = 4.2;
				TARGETED_DEVICE_FAMILY = "1,2";
				TEST_HOST = "$(BUILT_PRODUCTS_DIR)/prework.app/prework";
			};
			name = Release;
		};
		C80936D223CCC6AF003CBBB4 /* Debug */ = {
			isa = XCBuildConfiguration;
			buildSettings = {
				ALWAYS_EMBED_SWIFT_STANDARD_LIBRARIES = YES;
				CODE_SIGN_STYLE = Automatic;
				INFOPLIST_FILE = preworkUITests/Info.plist;
				LD_RUNPATH_SEARCH_PATHS = (
					"$(inherited)",
					"@executable_path/Frameworks",
					"@loader_path/Frameworks",
				);
				PRODUCT_BUNDLE_IDENTIFIER = com.zoffermann.preworkUITests;
				PRODUCT_NAME = "$(TARGET_NAME)";
				SWIFT_VERSION = 4.2;
				TARGETED_DEVICE_FAMILY = "1,2";
				TEST_TARGET_NAME = prework;
			};
			name = Debug;
		};
		C80936D323CCC6AF003CBBB4 /* Release */ = {
			isa = XCBuildConfiguration;
			buildSettings = {
				ALWAYS_EMBED_SWIFT_STANDARD_LIBRARIES = YES;
				CODE_SIGN_STYLE = Automatic;
				INFOPLIST_FILE = preworkUITests/Info.plist;
				LD_RUNPATH_SEARCH_PATHS = (
					"$(inherited)",
					"@executable_path/Frameworks",
					"@loader_path/Frameworks",
				);
				PRODUCT_BUNDLE_IDENTIFIER = com.zoffermann.preworkUITests;
				PRODUCT_NAME = "$(TARGET_NAME)";
				SWIFT_VERSION = 4.2;
				TARGETED_DEVICE_FAMILY = "1,2";
				TEST_TARGET_NAME = prework;
			};
			name = Release;
		};
/* End XCBuildConfiguration section */

/* Begin XCConfigurationList section */
		C809369E23CCC6AD003CBBB4 /* Build configuration list for PBXProject "prework" */ = {
			isa = XCConfigurationList;
			buildConfigurations = (
				C80936C923CCC6AF003CBBB4 /* Debug */,
				C80936CA23CCC6AF003CBBB4 /* Release */,
			);
			defaultConfigurationIsVisible = 0;
			defaultConfigurationName = Release;
		};
		C80936CB23CCC6AF003CBBB4 /* Build configuration list for PBXNativeTarget "prework" */ = {
			isa = XCConfigurationList;
			buildConfigurations = (
				C80936CC23CCC6AF003CBBB4 /* Debug */,
				C80936CD23CCC6AF003CBBB4 /* Release */,
			);
			defaultConfigurationIsVisible = 0;
			defaultConfigurationName = Release;
		};
		C80936CE23CCC6AF003CBBB4 /* Build configuration list for PBXNativeTarget "preworkTests" */ = {
			isa = XCConfigurationList;
			buildConfigurations = (
				C80936CF23CCC6AF003CBBB4 /* Debug */,
				C80936D023CCC6AF003CBBB4 /* Release */,
			);
			defaultConfigurationIsVisible = 0;
			defaultConfigurationName = Release;
		};
		C80936D123CCC6AF003CBBB4 /* Build configuration list for PBXNativeTarget "preworkUITests" */ = {
			isa = XCConfigurationList;
			buildConfigurations = (
				C80936D223CCC6AF003CBBB4 /* Debug */,
				C80936D323CCC6AF003CBBB4 /* Release */,
			);
			defaultConfigurationIsVisible = 0;
			defaultConfigurationName = Release;
		};
/* End XCConfigurationList section */
	};
	rootObject = C809369B23CCC6AD003CBBB4 /* Project object */;
}
